<?xml version="1.0" encoding="utf-8"?>
<Project ToolsVersion="4.0" xmlns="http://schemas.microsoft.com/developer/msbuild/2003">
  <ItemGroup>
    <Filter Include="소스 파일">
      <UniqueIdentifier>{4FC737F1-C7A5-4376-A066-2A32D752A2FF}</UniqueIdentifier>
      <Extensions>cpp;c;cc;cxx;c++;cppm;ixx;def;odl;idl;hpj;bat;asm;asmx</Extensions>
    </Filter>
    <Filter Include="헤더 파일">
      <UniqueIdentifier>{93995380-89BD-4b04-88EB-625FBE52EBFB}</UniqueIdentifier>
      <Extensions>h;hh;hpp;hxx;h++;hm;inl;inc;ipp;xsd</Extensions>
    </Filter>
    <Filter Include="리소스 파일">
      <UniqueIdentifier>{67DA6AB6-F800-4c08-8B7A-83BB121AAD01}</UniqueIdentifier>
      <Extensions>rc;ico;cur;bmp;dlg;rc2;rct;bin;rgs;gif;jpg;jpeg;jpe;resx;tiff;tif;png;wav;mfcribbon-ms</Extensions>
    </Filter>
    <Filter Include="헤더 파일\Common">
      <UniqueIdentifier>{e0f4172a-5c90-406b-bb73-4e3ff46c30ff}</UniqueIdentifier>
    </Filter>
    <Filter Include="소스 파일\Common">
      <UniqueIdentifier>{04d45bef-9e3a-4b38-9e80-38d616d28b1d}</UniqueIdentifier>
    </Filter>
    <Filter Include="헤더 파일\Common\Controller">
      <UniqueIdentifier>{0f8c0e77-236e-4add-9211-9fbff4a1a0d8}</UniqueIdentifier>
    </Filter>
    <Filter Include="소스 파일\Common\Controller">
      <UniqueIdentifier>{fa6838fa-dd25-401a-9f23-9ddc6cd78570}</UniqueIdentifier>
    </Filter>
  </ItemGroup>
  <ItemGroup>
    <ClInclude Include="ClipNoteEnv.h">
      <Filter>헤더 파일</Filter>
    </ClInclude>
    <ClInclude Include="ClipNoteEnvDlg.h">
      <Filter>헤더 파일</Filter>
    </ClInclude>
    <ClInclude Include="framework.h">
      <Filter>헤더 파일</Filter>
    </ClInclude>
    <ClInclude Include="targetver.h">
      <Filter>헤더 파일</Filter>
    </ClInclude>
    <ClInclude Include="Resource.h">
      <Filter>헤더 파일</Filter>
    </ClInclude>
    <ClInclude Include="pch.h">
      <Filter>헤더 파일</Filter>
    </ClInclude>
    <ClInclude Include="..\Common\SDKCommon.h">
      <Filter>헤더 파일\Common</Filter>
    </ClInclude>
    <ClInclude Include="..\Common\CRegCtrl.h">
      <Filter>헤더 파일\Common\Controller</Filter>
    </ClInclude>
  </ItemGroup>
  <ItemGroup>
    <ClCompile Include="ClipNoteEnv.cpp">
      <Filter>소스 파일</Filter>
    </ClCompile>
    <ClCompile Include="ClipNoteEnvDlg.cpp">
      <Filter>소스 파일</Filter>
    </ClCompile>
    <ClCompile Include="pch.cpp">
      <Filter>소스 파일</Filter>
    </ClCompile>
    <ClCompile Include="..\Common\SDKCommon.cpp">
      <Filter>소스 파일\Common</Filter>
    </ClCompile>
    <ClCompile Include="..\Common\CRegCtrl.cpp">
      <Filter>소스 파일\Common\Controller</Filter>
    </ClCompile>
  </ItemGroup>
  <ItemGroup>
    <ResourceCompile Include="ClipNoteEnv.rc">
      <Filter>리소스 파일</Filter>
    </ResourceCompile>
  </ItemGroup>
  <ItemGroup>
    <None Include="res\ClipNoteEnv.rc2">
      <Filter>리소스 파일</Filter>
    </None>
  </ItemGroup>
  <ItemGroup>
    <Image Include="res\ClipNoteEnv.ico">
      <Filter>리소스 파일</Filter>
    </Image>
  </ItemGroup>
</Project>